
Microsoft Visual Studio Solution File, Format Version 12.00
# Visual Studio Version 16
VisualStudioVersion = 16.0.30114.105
MinimumVisualStudioVersion = 10.0.40219.1
Project("{2150E333-8FDC-42A3-9474-1A3956D46DE8}") = "SolutionItmes", "SolutionItmes", "{8E7EA71A-64C8-4DB3-B3AF-93C65BBA507C}"
	ProjectSection(SolutionItems) = preProject
		.editorconfig = .editorconfig
		.gitattributes = .gitattributes
		.gitignore = .gitignore
		LICENSE = LICENSE
		README.md = README.md
		Settings.XamlStyler = Settings.XamlStyler
		SolutionInfo.cs = SolutionInfo.cs
	EndProjectSection
EndProject
Project("{9A19103F-16F7-4668-BE54-9A1E7A4F7556}") = "Company.Base.Core", "Company.Base.Core\Company.Base.Core.csproj", "{8EDCB469-32F4-42CF-B726-5C8BCFE383CC}"
EndProject
Project("{9A19103F-16F7-4668-BE54-9A1E7A4F7556}") = "Company.Basic.Service", "Company.Basic.Service\Company.Basic.Service.csproj", "{228428A3-870B-4EAD-B43A-BD674F7ED699}"
EndProject
Project("{9A19103F-16F7-4668-BE54-9A1E7A4F7556}") = "Company.AppName.Data", "Company.AppName.Data\Company.AppName.Data.csproj", "{92F07C59-1AA4-40FB-B805-140537F0E7F2}"
EndProject
Project("{FAE04EC0-301F-11D3-BF4B-00C04F79EFBC}") = "Company.AppName", "Company.AppName\Company.AppName.csproj", "{86FE9EF6-7997-4357-AB54-AA1AB83B41B5}"
EndProject
Project("{9A19103F-16F7-4668-BE54-9A1E7A4F7556}") = "Company.Basic.Core", "Company.Basic.Core\Company.Basic.Core.csproj", "{AECF3D77-0AE9-432C-BF56-F37492113D7E}"
EndProject
Project("{9A19103F-16F7-4668-BE54-9A1E7A4F7556}") = "Company.Basic.Data", "Company.Basic.Data\Company.Basic.Data.csproj", "{C88F5BE4-4678-4DEB-93FD-1A5355EB1861}"
EndProject
Project("{9A19103F-16F7-4668-BE54-9A1E7A4F7556}") = "Company.Security.Core", "Company.Security.Core\Company.Security.Core.csproj", "{94F59F88-38F5-4819-A683-2F3CCF92BD00}"
EndProject
Project("{9A19103F-16F7-4668-BE54-9A1E7A4F7556}") = "Company.Security.Data", "Company.Security.Data\Company.Security.Data.csproj", "{77DF4349-4428-48A7-9F5F-6E65087F271E}"
EndProject
Project("{9A19103F-16F7-4668-BE54-9A1E7A4F7556}") = "Company.Security.Service", "Company.Security.Service\Company.Security.Service.csproj", "{4C65ED51-3EC2-43B4-90EC-0E6848CA0A27}"
EndProject
Project("{FAE04EC0-301F-11D3-BF4B-00C04F79EFBC}") = "Company.Security.UI", "Company.Security.UI\Company.Security.UI.csproj", "{73F8C05D-E8EB-49C3-B9BF-3F2C06E4ED08}"
EndProject
Project("{FAE04EC0-301F-11D3-BF4B-00C04F79EFBC}") = "Company.Basic.UI", "Company.Basic.UI\Company.Basic.UI.csproj", "{D0EAC873-DD38-4EAB-B338-B4C6DDD82EF2}"
EndProject
Project("{9A19103F-16F7-4668-BE54-9A1E7A4F7556}") = "Company.Base.Service", "Company.Base.Service\Company.Base.Service.csproj", "{F241BD88-6FD4-47EF-979D-F531BA47BB24}"
EndProject
Project("{9A19103F-16F7-4668-BE54-9A1E7A4F7556}") = "Company.Base.Data", "Company.Base.Data\Company.Base.Data.csproj", "{1F77F82D-B679-4B09-B6A2-B1F97D76CD67}"
EndProject
Project("{FAE04EC0-301F-11D3-BF4B-00C04F79EFBC}") = "Company.Styling", "Company.Styling\Company.Styling.csproj", "{B8F3BC5D-DB96-468E-83EA-F2F2D59E3CEA}"
EndProject
Project("{9A19103F-16F7-4668-BE54-9A1E7A4F7556}") = "Company.Security.Presentation", "Company.Security.Presentation\Company.Security.Presentation.csproj", "{0D1CF6A0-CE4E-40C7-8AE8-92AE136C8806}"
EndProject
Project("{9A19103F-16F7-4668-BE54-9A1E7A4F7556}") = "Company.Base.Presentation", "Company.Base.Presentation\Company.Base.Presentation.csproj", "{FE73210D-43EA-421B-B73F-E95C155CF1CD}"
EndProject
Project("{9A19103F-16F7-4668-BE54-9A1E7A4F7556}") = "Company.Basic.Presentation", "Company.Basic.Presentation\Company.Basic.Presentation.csproj", "{2D916C69-9ED4-476A-A1C0-D9A5486D92A0}"
EndProject
Project("{FAE04EC0-301F-11D3-BF4B-00C04F79EFBC}") = "Company1.AppName.Data", "Company1.AppName.Data\Company1.AppName.Data.csproj", "{78E1482E-05A7-42B1-B6AB-4C2C166DEB09}"
EndProject
Project("{FAE04EC0-301F-11D3-BF4B-00C04F79EFBC}") = "Company1.Base.Core", "Company1.Base.Core\Company1.Base.Core.csproj", "{83EB6AF9-DBCF-4C33-AE13-734A3844C5B7}"
EndProject
Project("{FAE04EC0-301F-11D3-BF4B-00C04F79EFBC}") = "Company1.Base.Data", "Company1.Base.Data\Company1.Base.Data.csproj", "{A1975256-5270-4A04-B7C1-FD4D3DCAD2D4}"
EndProject
Project("{FAE04EC0-301F-11D3-BF4B-00C04F79EFBC}") = "Company1.Base.Presentation", "Company1.Base.Presentation\Company1.Base.Presentation.csproj", "{DDF2A478-C0A9-493D-88ED-502DC9D3784D}"
EndProject
Project("{FAE04EC0-301F-11D3-BF4B-00C04F79EFBC}") = "Company1.Base.Service", "Company1.Base.Service\Company1.Base.Service.csproj", "{DC6A6E29-E678-41EC-9C12-FDD2E456266F}"
EndProject
Project("{FAE04EC0-301F-11D3-BF4B-00C04F79EFBC}") = "Company1.Basic.Core", "Company1.Basic.Core\Company1.Basic.Core.csproj", "{30E3A8B9-421C-4790-8041-4D6F57015712}"
EndProject
Project("{FAE04EC0-301F-11D3-BF4B-00C04F79EFBC}") = "Company1.Basic.Data", "Company1.Basic.Data\Company1.Basic.Data.csproj", "{1C00C199-FAC8-4B57-A61E-06FB5BB26F02}"
EndProject
Project("{FAE04EC0-301F-11D3-BF4B-00C04F79EFBC}") = "Company1.Basic.Presentation", "Company1.Basic.Presentation\Company1.Basic.Presentation.csproj", "{02049DCA-49A2-4FA3-A4B3-214F951A66DD}"
EndProject
Project("{FAE04EC0-301F-11D3-BF4B-00C04F79EFBC}") = "Company1.Basic.Service", "Company1.Basic.Service\Company1.Basic.Service.csproj", "{86BDA50D-BFDF-40B1-91C3-CF12B7EDD0CA}"
EndProject
Project("{FAE04EC0-301F-11D3-BF4B-00C04F79EFBC}") = "Company1.Basic.UI", "Company1.Basic.UI\Company1.Basic.UI.csproj", "{236BA6B6-C775-456C-9FC9-3E1AED684F82}"
EndProject
Project("{FAE04EC0-301F-11D3-BF4B-00C04F79EFBC}") = "Company1.Security.Core", "Company1.Security.Core\Company1.Security.Core.csproj", "{2745C145-58A7-4B06-B941-46473AC37B44}"
EndProject
Project("{FAE04EC0-301F-11D3-BF4B-00C04F79EFBC}") = "Company1.Security.Data", "Company1.Security.Data\Company1.Security.Data.csproj", "{886C0E7E-0874-495F-9F5B-5C544EF62584}"
EndProject
Project("{FAE04EC0-301F-11D3-BF4B-00C04F79EFBC}") = "Company1.Security.Presentation", "Company1.Security.Presentation\Company1.Security.Presentation.csproj", "{DF9C4480-7650-4F38-8F9A-54151CDD1170}"
EndProject
Project("{FAE04EC0-301F-11D3-BF4B-00C04F79EFBC}") = "Company1.Security.Service", "Company1.Security.Service\Company1.Security.Service.csproj", "{80A96125-DEDD-424C-A4BD-2A0ADE88287D}"
EndProject
Project("{FAE04EC0-301F-11D3-BF4B-00C04F79EFBC}") = "Company1.Security.UI", "Company1.Security.UI\Company1.Security.UI.csproj", "{16301B16-1724-42DA-80F6-863C260254F5}"
EndProject
Project("{FAE04EC0-301F-11D3-BF4B-00C04F79EFBC}") = "Company1.Styling", "Company1.Styling\Company1.Styling.csproj", "{35F5595E-BA9F-46F2-9DE0-5FB5BDA6DB50}"
EndProject
Project("{FAE04EC0-301F-11D3-BF4B-00C04F79EFBC}") = "Company1.AppName", "Company1.AppName\Company1.AppName.csproj", "{9E43C4C2-1482-4B4E-AF24-1FFB666BEA86}"
EndProject
Global
	GlobalSection(SolutionConfigurationPlatforms) = preSolution
		Debug|Any CPU = Debug|Any CPU
		Release|Any CPU = Release|Any CPU
	EndGlobalSection
	GlobalSection(ProjectConfigurationPlatforms) = postSolution
		{8EDCB469-32F4-42CF-B726-5C8BCFE383CC}.Debug|Any CPU.ActiveCfg = Debug|Any CPU
		{8EDCB469-32F4-42CF-B726-5C8BCFE383CC}.Debug|Any CPU.Build.0 = Debug|Any CPU
		{8EDCB469-32F4-42CF-B726-5C8BCFE383CC}.Release|Any CPU.ActiveCfg = Release|Any CPU
		{8EDCB469-32F4-42CF-B726-5C8BCFE383CC}.Release|Any CPU.Build.0 = Release|Any CPU
		{228428A3-870B-4EAD-B43A-BD674F7ED699}.Debug|Any CPU.ActiveCfg = Debug|Any CPU
		{228428A3-870B-4EAD-B43A-BD674F7ED699}.Debug|Any CPU.Build.0 = Debug|Any CPU
		{228428A3-870B-4EAD-B43A-BD674F7ED699}.Release|Any CPU.ActiveCfg = Release|Any CPU
		{228428A3-870B-4EAD-B43A-BD674F7ED699}.Release|Any CPU.Build.0 = Release|Any CPU
		{92F07C59-1AA4-40FB-B805-140537F0E7F2}.Debug|Any CPU.ActiveCfg = Debug|Any CPU
		{92F07C59-1AA4-40FB-B805-140537F0E7F2}.Debug|Any CPU.Build.0 = Debug|Any CPU
		{92F07C59-1AA4-40FB-B805-140537F0E7F2}.Release|Any CPU.ActiveCfg = Release|Any CPU
		{92F07C59-1AA4-40FB-B805-140537F0E7F2}.Release|Any CPU.Build.0 = Release|Any CPU
		{86FE9EF6-7997-4357-AB54-AA1AB83B41B5}.Debug|Any CPU.ActiveCfg = Debug|Any CPU
		{86FE9EF6-7997-4357-AB54-AA1AB83B41B5}.Debug|Any CPU.Build.0 = Debug|Any CPU
		{86FE9EF6-7997-4357-AB54-AA1AB83B41B5}.Release|Any CPU.ActiveCfg = Release|Any CPU
		{86FE9EF6-7997-4357-AB54-AA1AB83B41B5}.Release|Any CPU.Build.0 = Release|Any CPU
		{AECF3D77-0AE9-432C-BF56-F37492113D7E}.Debug|Any CPU.ActiveCfg = Debug|Any CPU
		{AECF3D77-0AE9-432C-BF56-F37492113D7E}.Debug|Any CPU.Build.0 = Debug|Any CPU
		{AECF3D77-0AE9-432C-BF56-F37492113D7E}.Release|Any CPU.ActiveCfg = Release|Any CPU
		{AECF3D77-0AE9-432C-BF56-F37492113D7E}.Release|Any CPU.Build.0 = Release|Any CPU
		{C88F5BE4-4678-4DEB-93FD-1A5355EB1861}.Debug|Any CPU.ActiveCfg = Debug|Any CPU
		{C88F5BE4-4678-4DEB-93FD-1A5355EB1861}.Debug|Any CPU.Build.0 = Debug|Any CPU
		{C88F5BE4-4678-4DEB-93FD-1A5355EB1861}.Release|Any CPU.ActiveCfg = Release|Any CPU
		{C88F5BE4-4678-4DEB-93FD-1A5355EB1861}.Release|Any CPU.Build.0 = Release|Any CPU
		{94F59F88-38F5-4819-A683-2F3CCF92BD00}.Debug|Any CPU.ActiveCfg = Debug|Any CPU
		{94F59F88-38F5-4819-A683-2F3CCF92BD00}.Debug|Any CPU.Build.0 = Debug|Any CPU
		{94F59F88-38F5-4819-A683-2F3CCF92BD00}.Release|Any CPU.ActiveCfg = Release|Any CPU
		{94F59F88-38F5-4819-A683-2F3CCF92BD00}.Release|Any CPU.Build.0 = Release|Any CPU
		{77DF4349-4428-48A7-9F5F-6E65087F271E}.Debug|Any CPU.ActiveCfg = Debug|Any CPU
		{77DF4349-4428-48A7-9F5F-6E65087F271E}.Debug|Any CPU.Build.0 = Debug|Any CPU
		{77DF4349-4428-48A7-9F5F-6E65087F271E}.Release|Any CPU.ActiveCfg = Release|Any CPU
		{77DF4349-4428-48A7-9F5F-6E65087F271E}.Release|Any CPU.Build.0 = Release|Any CPU
		{4C65ED51-3EC2-43B4-90EC-0E6848CA0A27}.Debug|Any CPU.ActiveCfg = Debug|Any CPU
		{4C65ED51-3EC2-43B4-90EC-0E6848CA0A27}.Debug|Any CPU.Build.0 = Debug|Any CPU
		{4C65ED51-3EC2-43B4-90EC-0E6848CA0A27}.Release|Any CPU.ActiveCfg = Release|Any CPU
		{4C65ED51-3EC2-43B4-90EC-0E6848CA0A27}.Release|Any CPU.Build.0 = Release|Any CPU
		{73F8C05D-E8EB-49C3-B9BF-3F2C06E4ED08}.Debug|Any CPU.ActiveCfg = Debug|Any CPU
		{73F8C05D-E8EB-49C3-B9BF-3F2C06E4ED08}.Debug|Any CPU.Build.0 = Debug|Any CPU
		{73F8C05D-E8EB-49C3-B9BF-3F2C06E4ED08}.Release|Any CPU.ActiveCfg = Release|Any CPU
		{73F8C05D-E8EB-49C3-B9BF-3F2C06E4ED08}.Release|Any CPU.Build.0 = Release|Any CPU
		{D0EAC873-DD38-4EAB-B338-B4C6DDD82EF2}.Debug|Any CPU.ActiveCfg = Debug|Any CPU
		{D0EAC873-DD38-4EAB-B338-B4C6DDD82EF2}.Debug|Any CPU.Build.0 = Debug|Any CPU
		{D0EAC873-DD38-4EAB-B338-B4C6DDD82EF2}.Release|Any CPU.ActiveCfg = Release|Any CPU
		{D0EAC873-DD38-4EAB-B338-B4C6DDD82EF2}.Release|Any CPU.Build.0 = Release|Any CPU
		{F241BD88-6FD4-47EF-979D-F531BA47BB24}.Debug|Any CPU.ActiveCfg = Debug|Any CPU
		{F241BD88-6FD4-47EF-979D-F531BA47BB24}.Debug|Any CPU.Build.0 = Debug|Any CPU
		{F241BD88-6FD4-47EF-979D-F531BA47BB24}.Release|Any CPU.ActiveCfg = Release|Any CPU
		{F241BD88-6FD4-47EF-979D-F531BA47BB24}.Release|Any CPU.Build.0 = Release|Any CPU
		{1F77F82D-B679-4B09-B6A2-B1F97D76CD67}.Debug|Any CPU.ActiveCfg = Debug|Any CPU
		{1F77F82D-B679-4B09-B6A2-B1F97D76CD67}.Debug|Any CPU.Build.0 = Debug|Any CPU
		{1F77F82D-B679-4B09-B6A2-B1F97D76CD67}.Release|Any CPU.ActiveCfg = Release|Any CPU
		{1F77F82D-B679-4B09-B6A2-B1F97D76CD67}.Release|Any CPU.Build.0 = Release|Any CPU
		{B8F3BC5D-DB96-468E-83EA-F2F2D59E3CEA}.Debug|Any CPU.ActiveCfg = Debug|Any CPU
		{B8F3BC5D-DB96-468E-83EA-F2F2D59E3CEA}.Debug|Any CPU.Build.0 = Debug|Any CPU
		{B8F3BC5D-DB96-468E-83EA-F2F2D59E3CEA}.Release|Any CPU.ActiveCfg = Release|Any CPU
		{B8F3BC5D-DB96-468E-83EA-F2F2D59E3CEA}.Release|Any CPU.Build.0 = Release|Any CPU
		{0D1CF6A0-CE4E-40C7-8AE8-92AE136C8806}.Debug|Any CPU.ActiveCfg = Debug|Any CPU
		{0D1CF6A0-CE4E-40C7-8AE8-92AE136C8806}.Debug|Any CPU.Build.0 = Debug|Any CPU
		{0D1CF6A0-CE4E-40C7-8AE8-92AE136C8806}.Release|Any CPU.ActiveCfg = Release|Any CPU
		{0D1CF6A0-CE4E-40C7-8AE8-92AE136C8806}.Release|Any CPU.Build.0 = Release|Any CPU
		{FE73210D-43EA-421B-B73F-E95C155CF1CD}.Debug|Any CPU.ActiveCfg = Debug|Any CPU
		{FE73210D-43EA-421B-B73F-E95C155CF1CD}.Debug|Any CPU.Build.0 = Debug|Any CPU
		{FE73210D-43EA-421B-B73F-E95C155CF1CD}.Release|Any CPU.ActiveCfg = Release|Any CPU
		{FE73210D-43EA-421B-B73F-E95C155CF1CD}.Release|Any CPU.Build.0 = Release|Any CPU
		{2D916C69-9ED4-476A-A1C0-D9A5486D92A0}.Debug|Any CPU.ActiveCfg = Debug|Any CPU
		{2D916C69-9ED4-476A-A1C0-D9A5486D92A0}.Debug|Any CPU.Build.0 = Debug|Any CPU
		{2D916C69-9ED4-476A-A1C0-D9A5486D92A0}.Release|Any CPU.ActiveCfg = Release|Any CPU
		{2D916C69-9ED4-476A-A1C0-D9A5486D92A0}.Release|Any CPU.Build.0 = Release|Any CPU
		{78E1482E-05A7-42B1-B6AB-4C2C166DEB09}.Debug|Any CPU.ActiveCfg = Debug|Any CPU
		{78E1482E-05A7-42B1-B6AB-4C2C166DEB09}.Debug|Any CPU.Build.0 = Debug|Any CPU
		{78E1482E-05A7-42B1-B6AB-4C2C166DEB09}.Release|Any CPU.ActiveCfg = Release|Any CPU
		{78E1482E-05A7-42B1-B6AB-4C2C166DEB09}.Release|Any CPU.Build.0 = Release|Any CPU
		{83EB6AF9-DBCF-4C33-AE13-734A3844C5B7}.Debug|Any CPU.ActiveCfg = Debug|Any CPU
		{83EB6AF9-DBCF-4C33-AE13-734A3844C5B7}.Debug|Any CPU.Build.0 = Debug|Any CPU
		{83EB6AF9-DBCF-4C33-AE13-734A3844C5B7}.Release|Any CPU.ActiveCfg = Release|Any CPU
		{83EB6AF9-DBCF-4C33-AE13-734A3844C5B7}.Release|Any CPU.Build.0 = Release|Any CPU
		{A1975256-5270-4A04-B7C1-FD4D3DCAD2D4}.Debug|Any CPU.ActiveCfg = Debug|Any CPU
		{A1975256-5270-4A04-B7C1-FD4D3DCAD2D4}.Debug|Any CPU.Build.0 = Debug|Any CPU
		{A1975256-5270-4A04-B7C1-FD4D3DCAD2D4}.Release|Any CPU.ActiveCfg = Release|Any CPU
		{A1975256-5270-4A04-B7C1-FD4D3DCAD2D4}.Release|Any CPU.Build.0 = Release|Any CPU
		{DDF2A478-C0A9-493D-88ED-502DC9D3784D}.Debug|Any CPU.ActiveCfg = Debug|Any CPU
		{DDF2A478-C0A9-493D-88ED-502DC9D3784D}.Debug|Any CPU.Build.0 = Debug|Any CPU
		{DDF2A478-C0A9-493D-88ED-502DC9D3784D}.Release|Any CPU.ActiveCfg = Release|Any CPU
		{DDF2A478-C0A9-493D-88ED-502DC9D3784D}.Release|Any CPU.Build.0 = Release|Any CPU
		{DC6A6E29-E678-41EC-9C12-FDD2E456266F}.Debug|Any CPU.ActiveCfg = Debug|Any CPU
		{DC6A6E29-E678-41EC-9C12-FDD2E456266F}.Debug|Any CPU.Build.0 = Debug|Any CPU
		{DC6A6E29-E678-41EC-9C12-FDD2E456266F}.Release|Any CPU.ActiveCfg = Release|Any CPU
		{DC6A6E29-E678-41EC-9C12-FDD2E456266F}.Release|Any CPU.Build.0 = Release|Any CPU
		{30E3A8B9-421C-4790-8041-4D6F57015712}.Debug|Any CPU.ActiveCfg = Debug|Any CPU
		{30E3A8B9-421C-4790-8041-4D6F57015712}.Debug|Any CPU.Build.0 = Debug|Any CPU
		{30E3A8B9-421C-4790-8041-4D6F57015712}.Release|Any CPU.ActiveCfg = Release|Any CPU
		{30E3A8B9-421C-4790-8041-4D6F57015712}.Release|Any CPU.Build.0 = Release|Any CPU
		{1C00C199-FAC8-4B57-A61E-06FB5BB26F02}.Debug|Any CPU.ActiveCfg = Debug|Any CPU
		{1C00C199-FAC8-4B57-A61E-06FB5BB26F02}.Debug|Any CPU.Build.0 = Debug|Any CPU
		{1C00C199-FAC8-4B57-A61E-06FB5BB26F02}.Release|Any CPU.ActiveCfg = Release|Any CPU
		{1C00C199-FAC8-4B57-A61E-06FB5BB26F02}.Release|Any CPU.Build.0 = Release|Any CPU
		{02049DCA-49A2-4FA3-A4B3-214F951A66DD}.Debug|Any CPU.ActiveCfg = Debug|Any CPU
		{02049DCA-49A2-4FA3-A4B3-214F951A66DD}.Debug|Any CPU.Build.0 = Debug|Any CPU
		{02049DCA-49A2-4FA3-A4B3-214F951A66DD}.Release|Any CPU.ActiveCfg = Release|Any CPU
		{02049DCA-49A2-4FA3-A4B3-214F951A66DD}.Release|Any CPU.Build.0 = Release|Any CPU
		{86BDA50D-BFDF-40B1-91C3-CF12B7EDD0CA}.Debug|Any CPU.ActiveCfg = Debug|Any CPU
		{86BDA50D-BFDF-40B1-91C3-CF12B7EDD0CA}.Debug|Any CPU.Build.0 = Debug|Any CPU
		{86BDA50D-BFDF-40B1-91C3-CF12B7EDD0CA}.Release|Any CPU.ActiveCfg = Release|Any CPU
		{86BDA50D-BFDF-40B1-91C3-CF12B7EDD0CA}.Release|Any CPU.Build.0 = Release|Any CPU
		{236BA6B6-C775-456C-9FC9-3E1AED684F82}.Debug|Any CPU.ActiveCfg = Debug|Any CPU
		{236BA6B6-C775-456C-9FC9-3E1AED684F82}.Debug|Any CPU.Build.0 = Debug|Any CPU
		{236BA6B6-C775-456C-9FC9-3E1AED684F82}.Release|Any CPU.ActiveCfg = Release|Any CPU
		{236BA6B6-C775-456C-9FC9-3E1AED684F82}.Release|Any CPU.Build.0 = Release|Any CPU
		{2745C145-58A7-4B06-B941-46473AC37B44}.Debug|Any CPU.ActiveCfg = Debug|Any CPU
		{2745C145-58A7-4B06-B941-46473AC37B44}.Debug|Any CPU.Build.0 = Debug|Any CPU
		{2745C145-58A7-4B06-B941-46473AC37B44}.Release|Any CPU.ActiveCfg = Release|Any CPU
		{2745C145-58A7-4B06-B941-46473AC37B44}.Release|Any CPU.Build.0 = Release|Any CPU
		{886C0E7E-0874-495F-9F5B-5C544EF62584}.Debug|Any CPU.ActiveCfg = Debug|Any CPU
		{886C0E7E-0874-495F-9F5B-5C544EF62584}.Debug|Any CPU.Build.0 = Debug|Any CPU
		{886C0E7E-0874-495F-9F5B-5C544EF62584}.Release|Any CPU.ActiveCfg = Release|Any CPU
		{886C0E7E-0874-495F-9F5B-5C544EF62584}.Release|Any CPU.Build.0 = Release|Any CPU
		{DF9C4480-7650-4F38-8F9A-54151CDD1170}.Debug|Any CPU.ActiveCfg = Debug|Any CPU
		{DF9C4480-7650-4F38-8F9A-54151CDD1170}.Debug|Any CPU.Build.0 = Debug|Any CPU
		{DF9C4480-7650-4F38-8F9A-54151CDD1170}.Release|Any CPU.ActiveCfg = Release|Any CPU
		{DF9C4480-7650-4F38-8F9A-54151CDD1170}.Release|Any CPU.Build.0 = Release|Any CPU
		{80A96125-DEDD-424C-A4BD-2A0ADE88287D}.Debug|Any CPU.ActiveCfg = Debug|Any CPU
		{80A96125-DEDD-424C-A4BD-2A0ADE88287D}.Debug|Any CPU.Build.0 = Debug|Any CPU
		{80A96125-DEDD-424C-A4BD-2A0ADE88287D}.Release|Any CPU.ActiveCfg = Release|Any CPU
		{80A96125-DEDD-424C-A4BD-2A0ADE88287D}.Release|Any CPU.Build.0 = Release|Any CPU
		{16301B16-1724-42DA-80F6-863C260254F5}.Debug|Any CPU.ActiveCfg = Debug|Any CPU
		{16301B16-1724-42DA-80F6-863C260254F5}.Debug|Any CPU.Build.0 = Debug|Any CPU
		{16301B16-1724-42DA-80F6-863C260254F5}.Release|Any CPU.ActiveCfg = Release|Any CPU
		{16301B16-1724-42DA-80F6-863C260254F5}.Release|Any CPU.Build.0 = Release|Any CPU
		{35F5595E-BA9F-46F2-9DE0-5FB5BDA6DB50}.Debug|Any CPU.ActiveCfg = Debug|Any CPU
		{35F5595E-BA9F-46F2-9DE0-5FB5BDA6DB50}.Debug|Any CPU.Build.0 = Debug|Any CPU
		{35F5595E-BA9F-46F2-9DE0-5FB5BDA6DB50}.Release|Any CPU.ActiveCfg = Release|Any CPU
		{35F5595E-BA9F-46F2-9DE0-5FB5BDA6DB50}.Release|Any CPU.Build.0 = Release|Any CPU
		{9E43C4C2-1482-4B4E-AF24-1FFB666BEA86}.Debug|Any CPU.ActiveCfg = Debug|Any CPU
		{9E43C4C2-1482-4B4E-AF24-1FFB666BEA86}.Debug|Any CPU.Build.0 = Debug|Any CPU
		{9E43C4C2-1482-4B4E-AF24-1FFB666BEA86}.Release|Any CPU.ActiveCfg = Release|Any CPU
		{9E43C4C2-1482-4B4E-AF24-1FFB666BEA86}.Release|Any CPU.Build.0 = Release|Any CPU
	EndGlobalSection
	GlobalSection(SolutionProperties) = preSolution
		HideSolutionNode = FALSE
	EndGlobalSection
	GlobalSection(ExtensibilityGlobals) = postSolution
		SolutionGuid = {0DBD07E4-5376-496B-988C-89E1DE8051F7}
	EndGlobalSection
EndGlobal
