
Microsoft Visual Studio Solution File, Format Version 12.00
# Visual Studio Version 16
VisualStudioVersion = 16.0.30114.105
MinimumVisualStudioVersion = 10.0.40219.1
Project("{2150E333-8FDC-42A3-9474-1A3956D46DE8}") = "SolutionItmes", "SolutionItmes", "{8E7EA71A-64C8-4DB3-B3AF-93C65BBA507C}"
	ProjectSection(SolutionItems) = preProject
		.editorconfig = .editorconfig
		.gitattributes = .gitattributes
		.gitignore = .gitignore
		LICENSE = LICENSE
		README.md = README.md
		Settings.XamlStyler = Settings.XamlStyler
		SolutionInfo.cs = SolutionInfo.cs
	EndProjectSection
EndProject
Project("{9A19103F-16F7-4668-BE54-9A1E7A4F7556}") = "Company.Base.Core", "Company.Base.Core\Company.Base.Core.csproj", "{8EDCB469-32F4-42CF-B726-5C8BCFE383CC}"
EndProject
Project("{9A19103F-16F7-4668-BE54-9A1E7A4F7556}") = "Company.Basic.Service", "Company.Basic.Service\Company.Basic.Service.csproj", "{228428A3-870B-4EAD-B43A-BD674F7ED699}"
EndProject
Project("{9A19103F-16F7-4668-BE54-9A1E7A4F7556}") = "Company.AppName.Data", "Company.AppName.Data\Company.AppName.Data.csproj", "{92F07C59-1AA4-40FB-B805-140537F0E7F2}"
EndProject
Project("{FAE04EC0-301F-11D3-BF4B-00C04F79EFBC}") = "Company.AppName", "Company.AppName\Company.AppName.csproj", "{86FE9EF6-7997-4357-AB54-AA1AB83B41B5}"
EndProject
Project("{9A19103F-16F7-4668-BE54-9A1E7A4F7556}") = "Company.Basic.Core", "Company.Basic.Core\Company.Basic.Core.csproj", "{AECF3D77-0AE9-432C-BF56-F37492113D7E}"
EndProject
Project("{9A19103F-16F7-4668-BE54-9A1E7A4F7556}") = "Company.Basic.Data", "Company.Basic.Data\Company.Basic.Data.csproj", "{C88F5BE4-4678-4DEB-93FD-1A5355EB1861}"
EndProject
Project("{9A19103F-16F7-4668-BE54-9A1E7A4F7556}") = "Company.Security.Core", "Company.Security.Core\Company.Security.Core.csproj", "{94F59F88-38F5-4819-A683-2F3CCF92BD00}"
EndProject
Project("{9A19103F-16F7-4668-BE54-9A1E7A4F7556}") = "Company.Security.Data", "Company.Security.Data\Company.Security.Data.csproj", "{77DF4349-4428-48A7-9F5F-6E65087F271E}"
EndProject
Project("{9A19103F-16F7-4668-BE54-9A1E7A4F7556}") = "Company.Security.Service", "Company.Security.Service\Company.Security.Service.csproj", "{4C65ED51-3EC2-43B4-90EC-0E6848CA0A27}"
EndProject
Project("{FAE04EC0-301F-11D3-BF4B-00C04F79EFBC}") = "Company.Security.UI", "Company.Security.UI\Company.Security.UI.csproj", "{73F8C05D-E8EB-49C3-B9BF-3F2C06E4ED08}"
EndProject
Project("{FAE04EC0-301F-11D3-BF4B-00C04F79EFBC}") = "Company.Basic.UI", "Company.Basic.UI\Company.Basic.UI.csproj", "{D0EAC873-DD38-4EAB-B338-B4C6DDD82EF2}"
EndProject
Project("{9A19103F-16F7-4668-BE54-9A1E7A4F7556}") = "Company.Base.Service", "Company.Base.Service\Company.Base.Service.csproj", "{F241BD88-6FD4-47EF-979D-F531BA47BB24}"
EndProject
Project("{9A19103F-16F7-4668-BE54-9A1E7A4F7556}") = "Company.Base.Data", "Company.Base.Data\Company.Base.Data.csproj", "{1F77F82D-B679-4B09-B6A2-B1F97D76CD67}"
EndProject
Project("{FAE04EC0-301F-11D3-BF4B-00C04F79EFBC}") = "Company.Styling", "Company.Styling\Company.Styling.csproj", "{B8F3BC5D-DB96-468E-83EA-F2F2D59E3CEA}"
EndProject
Project("{9A19103F-16F7-4668-BE54-9A1E7A4F7556}") = "Company.Security.Presentation", "Company.Security.Presentation\Company.Security.Presentation.csproj", "{0D1CF6A0-CE4E-40C7-8AE8-92AE136C8806}"
EndProject
Project("{9A19103F-16F7-4668-BE54-9A1E7A4F7556}") = "Company.Base.Presentation", "Company.Base.Presentation\Company.Base.Presentation.csproj", "{FE73210D-43EA-421B-B73F-E95C155CF1CD}"
EndProject
Project("{9A19103F-16F7-4668-BE54-9A1E7A4F7556}") = "Company.Basic.Presentation", "Company.Basic.Presentation\Company.Basic.Presentation.csproj", "{2D916C69-9ED4-476A-A1C0-D9A5486D92A0}"
EndProject
Project("{9A19103F-16F7-4668-BE54-9A1E7A4F7556}") = "Company2.AppName", "Company2.AppName\Company2.AppName.csproj", "{CF928F1F-0781-43D1-A10E-F12E673A094D}"
EndProject
Project("{9A19103F-16F7-4668-BE54-9A1E7A4F7556}") = "Company2.AppName.Data", "Company2.AppName.Data\Company2.AppName.Data.csproj", "{39CD6D3C-EFDB-4A95-BE48-A78EDEEA7FB6}"
EndProject
Project("{9A19103F-16F7-4668-BE54-9A1E7A4F7556}") = "Company2.Base.Core", "Company2.Base.Core\Company2.Base.Core.csproj", "{C745FBA1-38D1-4599-9566-12E01B7D0966}"
EndProject
Project("{9A19103F-16F7-4668-BE54-9A1E7A4F7556}") = "Company2.Base.Data", "Company2.Base.Data\Company2.Base.Data.csproj", "{3C7AB2C5-CA71-45A2-818F-EB2DC7F7F104}"
EndProject
Project("{9A19103F-16F7-4668-BE54-9A1E7A4F7556}") = "Company2.Base.Presentation", "Company2.Base.Presentation\Company2.Base.Presentation.csproj", "{2FC81DF8-8C40-4A73-904E-96D482FF78F3}"
EndProject
Project("{9A19103F-16F7-4668-BE54-9A1E7A4F7556}") = "Company2.Base.Service", "Company2.Base.Service\Company2.Base.Service.csproj", "{7F20B6F0-6496-4E81-9339-FE281A4BDD40}"
EndProject
Project("{9A19103F-16F7-4668-BE54-9A1E7A4F7556}") = "Company2.Basic.Core", "Company2.Basic.Core\Company2.Basic.Core.csproj", "{29CA4D2F-6EE2-4167-822F-28AC8C80D47A}"
EndProject
Project("{9A19103F-16F7-4668-BE54-9A1E7A4F7556}") = "Company2.Basic.Data", "Company2.Basic.Data\Company2.Basic.Data.csproj", "{58233A6F-4CF5-4671-AF78-42022EFF6143}"
EndProject
Project("{9A19103F-16F7-4668-BE54-9A1E7A4F7556}") = "Company2.Basic.Presentation", "Company2.Basic.Presentation\Company2.Basic.Presentation.csproj", "{7FD96EC7-BCF8-4BB2-BD74-5B65038E6E7E}"
EndProject
Project("{9A19103F-16F7-4668-BE54-9A1E7A4F7556}") = "Company2.Basic.Service", "Company2.Basic.Service\Company2.Basic.Service.csproj", "{A36D93C4-321C-4FA6-AD66-5B8348A28780}"
EndProject
Project("{9A19103F-16F7-4668-BE54-9A1E7A4F7556}") = "Company2.Security.Core", "Company2.Security.Core\Company2.Security.Core.csproj", "{7D90E5D1-5F6B-4B3E-B7AA-9F6BB8531789}"
EndProject
Project("{9A19103F-16F7-4668-BE54-9A1E7A4F7556}") = "Company2.Security.Data", "Company2.Security.Data\Company2.Security.Data.csproj", "{DEED83D8-9EFA-40A1-A7FB-930159C5A5DD}"
EndProject
Project("{9A19103F-16F7-4668-BE54-9A1E7A4F7556}") = "Company2.Security.Presentation", "Company2.Security.Presentation\Company2.Security.Presentation.csproj", "{007BA573-42C4-4D96-AE3A-F325739C5AEF}"
EndProject
Project("{9A19103F-16F7-4668-BE54-9A1E7A4F7556}") = "Company2.Security.Service", "Company2.Security.Service\Company2.Security.Service.csproj", "{456BEA03-6D44-4F72-BF11-43AB8CD4D573}"
EndProject
Project("{9A19103F-16F7-4668-BE54-9A1E7A4F7556}") = "Company2.Security.UI", "Company2.Security.UI\Company2.Security.UI.csproj", "{860C5C37-2889-4261-8A44-488703898B07}"
EndProject
Project("{9A19103F-16F7-4668-BE54-9A1E7A4F7556}") = "Company2.Basic.UI", "Company2.Basic.UI\Company2.Basic.UI.csproj", "{BCDA1F91-9D6D-4E7D-928F-1457295F9F4E}"
EndProject
Project("{9A19103F-16F7-4668-BE54-9A1E7A4F7556}") = "Company2.Styling", "Company2.Styling\Company2.Styling.csproj", "{C532A131-3A65-448F-9D97-EC154554A35C}"
EndProject
Global
	GlobalSection(SolutionConfigurationPlatforms) = preSolution
		Debug|Any CPU = Debug|Any CPU
		Release|Any CPU = Release|Any CPU
	EndGlobalSection
	GlobalSection(ProjectConfigurationPlatforms) = postSolution
		{8EDCB469-32F4-42CF-B726-5C8BCFE383CC}.Debug|Any CPU.ActiveCfg = Debug|Any CPU
		{8EDCB469-32F4-42CF-B726-5C8BCFE383CC}.Debug|Any CPU.Build.0 = Debug|Any CPU
		{8EDCB469-32F4-42CF-B726-5C8BCFE383CC}.Release|Any CPU.ActiveCfg = Release|Any CPU
		{8EDCB469-32F4-42CF-B726-5C8BCFE383CC}.Release|Any CPU.Build.0 = Release|Any CPU
		{228428A3-870B-4EAD-B43A-BD674F7ED699}.Debug|Any CPU.ActiveCfg = Debug|Any CPU
		{228428A3-870B-4EAD-B43A-BD674F7ED699}.Debug|Any CPU.Build.0 = Debug|Any CPU
		{228428A3-870B-4EAD-B43A-BD674F7ED699}.Release|Any CPU.ActiveCfg = Release|Any CPU
		{228428A3-870B-4EAD-B43A-BD674F7ED699}.Release|Any CPU.Build.0 = Release|Any CPU
		{92F07C59-1AA4-40FB-B805-140537F0E7F2}.Debug|Any CPU.ActiveCfg = Debug|Any CPU
		{92F07C59-1AA4-40FB-B805-140537F0E7F2}.Debug|Any CPU.Build.0 = Debug|Any CPU
		{92F07C59-1AA4-40FB-B805-140537F0E7F2}.Release|Any CPU.ActiveCfg = Release|Any CPU
		{92F07C59-1AA4-40FB-B805-140537F0E7F2}.Release|Any CPU.Build.0 = Release|Any CPU
		{86FE9EF6-7997-4357-AB54-AA1AB83B41B5}.Debug|Any CPU.ActiveCfg = Debug|Any CPU
		{86FE9EF6-7997-4357-AB54-AA1AB83B41B5}.Debug|Any CPU.Build.0 = Debug|Any CPU
		{86FE9EF6-7997-4357-AB54-AA1AB83B41B5}.Release|Any CPU.ActiveCfg = Release|Any CPU
		{86FE9EF6-7997-4357-AB54-AA1AB83B41B5}.Release|Any CPU.Build.0 = Release|Any CPU
		{AECF3D77-0AE9-432C-BF56-F37492113D7E}.Debug|Any CPU.ActiveCfg = Debug|Any CPU
		{AECF3D77-0AE9-432C-BF56-F37492113D7E}.Debug|Any CPU.Build.0 = Debug|Any CPU
		{AECF3D77-0AE9-432C-BF56-F37492113D7E}.Release|Any CPU.ActiveCfg = Release|Any CPU
		{AECF3D77-0AE9-432C-BF56-F37492113D7E}.Release|Any CPU.Build.0 = Release|Any CPU
		{C88F5BE4-4678-4DEB-93FD-1A5355EB1861}.Debug|Any CPU.ActiveCfg = Debug|Any CPU
		{C88F5BE4-4678-4DEB-93FD-1A5355EB1861}.Debug|Any CPU.Build.0 = Debug|Any CPU
		{C88F5BE4-4678-4DEB-93FD-1A5355EB1861}.Release|Any CPU.ActiveCfg = Release|Any CPU
		{C88F5BE4-4678-4DEB-93FD-1A5355EB1861}.Release|Any CPU.Build.0 = Release|Any CPU
		{94F59F88-38F5-4819-A683-2F3CCF92BD00}.Debug|Any CPU.ActiveCfg = Debug|Any CPU
		{94F59F88-38F5-4819-A683-2F3CCF92BD00}.Debug|Any CPU.Build.0 = Debug|Any CPU
		{94F59F88-38F5-4819-A683-2F3CCF92BD00}.Release|Any CPU.ActiveCfg = Release|Any CPU
		{94F59F88-38F5-4819-A683-2F3CCF92BD00}.Release|Any CPU.Build.0 = Release|Any CPU
		{77DF4349-4428-48A7-9F5F-6E65087F271E}.Debug|Any CPU.ActiveCfg = Debug|Any CPU
		{77DF4349-4428-48A7-9F5F-6E65087F271E}.Debug|Any CPU.Build.0 = Debug|Any CPU
		{77DF4349-4428-48A7-9F5F-6E65087F271E}.Release|Any CPU.ActiveCfg = Release|Any CPU
		{77DF4349-4428-48A7-9F5F-6E65087F271E}.Release|Any CPU.Build.0 = Release|Any CPU
		{4C65ED51-3EC2-43B4-90EC-0E6848CA0A27}.Debug|Any CPU.ActiveCfg = Debug|Any CPU
		{4C65ED51-3EC2-43B4-90EC-0E6848CA0A27}.Debug|Any CPU.Build.0 = Debug|Any CPU
		{4C65ED51-3EC2-43B4-90EC-0E6848CA0A27}.Release|Any CPU.ActiveCfg = Release|Any CPU
		{4C65ED51-3EC2-43B4-90EC-0E6848CA0A27}.Release|Any CPU.Build.0 = Release|Any CPU
		{73F8C05D-E8EB-49C3-B9BF-3F2C06E4ED08}.Debug|Any CPU.ActiveCfg = Debug|Any CPU
		{73F8C05D-E8EB-49C3-B9BF-3F2C06E4ED08}.Debug|Any CPU.Build.0 = Debug|Any CPU
		{73F8C05D-E8EB-49C3-B9BF-3F2C06E4ED08}.Release|Any CPU.ActiveCfg = Release|Any CPU
		{73F8C05D-E8EB-49C3-B9BF-3F2C06E4ED08}.Release|Any CPU.Build.0 = Release|Any CPU
		{D0EAC873-DD38-4EAB-B338-B4C6DDD82EF2}.Debug|Any CPU.ActiveCfg = Debug|Any CPU
		{D0EAC873-DD38-4EAB-B338-B4C6DDD82EF2}.Debug|Any CPU.Build.0 = Debug|Any CPU
		{D0EAC873-DD38-4EAB-B338-B4C6DDD82EF2}.Release|Any CPU.ActiveCfg = Release|Any CPU
		{D0EAC873-DD38-4EAB-B338-B4C6DDD82EF2}.Release|Any CPU.Build.0 = Release|Any CPU
		{F241BD88-6FD4-47EF-979D-F531BA47BB24}.Debug|Any CPU.ActiveCfg = Debug|Any CPU
		{F241BD88-6FD4-47EF-979D-F531BA47BB24}.Debug|Any CPU.Build.0 = Debug|Any CPU
		{F241BD88-6FD4-47EF-979D-F531BA47BB24}.Release|Any CPU.ActiveCfg = Release|Any CPU
		{F241BD88-6FD4-47EF-979D-F531BA47BB24}.Release|Any CPU.Build.0 = Release|Any CPU
		{1F77F82D-B679-4B09-B6A2-B1F97D76CD67}.Debug|Any CPU.ActiveCfg = Debug|Any CPU
		{1F77F82D-B679-4B09-B6A2-B1F97D76CD67}.Debug|Any CPU.Build.0 = Debug|Any CPU
		{1F77F82D-B679-4B09-B6A2-B1F97D76CD67}.Release|Any CPU.ActiveCfg = Release|Any CPU
		{1F77F82D-B679-4B09-B6A2-B1F97D76CD67}.Release|Any CPU.Build.0 = Release|Any CPU
		{B8F3BC5D-DB96-468E-83EA-F2F2D59E3CEA}.Debug|Any CPU.ActiveCfg = Debug|Any CPU
		{B8F3BC5D-DB96-468E-83EA-F2F2D59E3CEA}.Debug|Any CPU.Build.0 = Debug|Any CPU
		{B8F3BC5D-DB96-468E-83EA-F2F2D59E3CEA}.Release|Any CPU.ActiveCfg = Release|Any CPU
		{B8F3BC5D-DB96-468E-83EA-F2F2D59E3CEA}.Release|Any CPU.Build.0 = Release|Any CPU
		{0D1CF6A0-CE4E-40C7-8AE8-92AE136C8806}.Debug|Any CPU.ActiveCfg = Debug|Any CPU
		{0D1CF6A0-CE4E-40C7-8AE8-92AE136C8806}.Debug|Any CPU.Build.0 = Debug|Any CPU
		{0D1CF6A0-CE4E-40C7-8AE8-92AE136C8806}.Release|Any CPU.ActiveCfg = Release|Any CPU
		{0D1CF6A0-CE4E-40C7-8AE8-92AE136C8806}.Release|Any CPU.Build.0 = Release|Any CPU
		{FE73210D-43EA-421B-B73F-E95C155CF1CD}.Debug|Any CPU.ActiveCfg = Debug|Any CPU
		{FE73210D-43EA-421B-B73F-E95C155CF1CD}.Debug|Any CPU.Build.0 = Debug|Any CPU
		{FE73210D-43EA-421B-B73F-E95C155CF1CD}.Release|Any CPU.ActiveCfg = Release|Any CPU
		{FE73210D-43EA-421B-B73F-E95C155CF1CD}.Release|Any CPU.Build.0 = Release|Any CPU
		{2D916C69-9ED4-476A-A1C0-D9A5486D92A0}.Debug|Any CPU.ActiveCfg = Debug|Any CPU
		{2D916C69-9ED4-476A-A1C0-D9A5486D92A0}.Debug|Any CPU.Build.0 = Debug|Any CPU
		{2D916C69-9ED4-476A-A1C0-D9A5486D92A0}.Release|Any CPU.ActiveCfg = Release|Any CPU
		{2D916C69-9ED4-476A-A1C0-D9A5486D92A0}.Release|Any CPU.Build.0 = Release|Any CPU
		{CF928F1F-0781-43D1-A10E-F12E673A094D}.Debug|Any CPU.ActiveCfg = Debug|Any CPU
		{CF928F1F-0781-43D1-A10E-F12E673A094D}.Debug|Any CPU.Build.0 = Debug|Any CPU
		{CF928F1F-0781-43D1-A10E-F12E673A094D}.Release|Any CPU.ActiveCfg = Release|Any CPU
		{CF928F1F-0781-43D1-A10E-F12E673A094D}.Release|Any CPU.Build.0 = Release|Any CPU
		{39CD6D3C-EFDB-4A95-BE48-A78EDEEA7FB6}.Debug|Any CPU.ActiveCfg = Debug|Any CPU
		{39CD6D3C-EFDB-4A95-BE48-A78EDEEA7FB6}.Debug|Any CPU.Build.0 = Debug|Any CPU
		{39CD6D3C-EFDB-4A95-BE48-A78EDEEA7FB6}.Release|Any CPU.ActiveCfg = Release|Any CPU
		{39CD6D3C-EFDB-4A95-BE48-A78EDEEA7FB6}.Release|Any CPU.Build.0 = Release|Any CPU
		{C745FBA1-38D1-4599-9566-12E01B7D0966}.Debug|Any CPU.ActiveCfg = Debug|Any CPU
		{C745FBA1-38D1-4599-9566-12E01B7D0966}.Debug|Any CPU.Build.0 = Debug|Any CPU
		{C745FBA1-38D1-4599-9566-12E01B7D0966}.Release|Any CPU.ActiveCfg = Release|Any CPU
		{C745FBA1-38D1-4599-9566-12E01B7D0966}.Release|Any CPU.Build.0 = Release|Any CPU
		{3C7AB2C5-CA71-45A2-818F-EB2DC7F7F104}.Debug|Any CPU.ActiveCfg = Debug|Any CPU
		{3C7AB2C5-CA71-45A2-818F-EB2DC7F7F104}.Debug|Any CPU.Build.0 = Debug|Any CPU
		{3C7AB2C5-CA71-45A2-818F-EB2DC7F7F104}.Release|Any CPU.ActiveCfg = Release|Any CPU
		{3C7AB2C5-CA71-45A2-818F-EB2DC7F7F104}.Release|Any CPU.Build.0 = Release|Any CPU
		{2FC81DF8-8C40-4A73-904E-96D482FF78F3}.Debug|Any CPU.ActiveCfg = Debug|Any CPU
		{2FC81DF8-8C40-4A73-904E-96D482FF78F3}.Debug|Any CPU.Build.0 = Debug|Any CPU
		{2FC81DF8-8C40-4A73-904E-96D482FF78F3}.Release|Any CPU.ActiveCfg = Release|Any CPU
		{2FC81DF8-8C40-4A73-904E-96D482FF78F3}.Release|Any CPU.Build.0 = Release|Any CPU
		{7F20B6F0-6496-4E81-9339-FE281A4BDD40}.Debug|Any CPU.ActiveCfg = Debug|Any CPU
		{7F20B6F0-6496-4E81-9339-FE281A4BDD40}.Debug|Any CPU.Build.0 = Debug|Any CPU
		{7F20B6F0-6496-4E81-9339-FE281A4BDD40}.Release|Any CPU.ActiveCfg = Release|Any CPU
		{7F20B6F0-6496-4E81-9339-FE281A4BDD40}.Release|Any CPU.Build.0 = Release|Any CPU
		{29CA4D2F-6EE2-4167-822F-28AC8C80D47A}.Debug|Any CPU.ActiveCfg = Debug|Any CPU
		{29CA4D2F-6EE2-4167-822F-28AC8C80D47A}.Debug|Any CPU.Build.0 = Debug|Any CPU
		{29CA4D2F-6EE2-4167-822F-28AC8C80D47A}.Release|Any CPU.ActiveCfg = Release|Any CPU
		{29CA4D2F-6EE2-4167-822F-28AC8C80D47A}.Release|Any CPU.Build.0 = Release|Any CPU
		{58233A6F-4CF5-4671-AF78-42022EFF6143}.Debug|Any CPU.ActiveCfg = Debug|Any CPU
		{58233A6F-4CF5-4671-AF78-42022EFF6143}.Debug|Any CPU.Build.0 = Debug|Any CPU
		{58233A6F-4CF5-4671-AF78-42022EFF6143}.Release|Any CPU.ActiveCfg = Release|Any CPU
		{58233A6F-4CF5-4671-AF78-42022EFF6143}.Release|Any CPU.Build.0 = Release|Any CPU
		{7FD96EC7-BCF8-4BB2-BD74-5B65038E6E7E}.Debug|Any CPU.ActiveCfg = Debug|Any CPU
		{7FD96EC7-BCF8-4BB2-BD74-5B65038E6E7E}.Debug|Any CPU.Build.0 = Debug|Any CPU
		{7FD96EC7-BCF8-4BB2-BD74-5B65038E6E7E}.Release|Any CPU.ActiveCfg = Release|Any CPU
		{7FD96EC7-BCF8-4BB2-BD74-5B65038E6E7E}.Release|Any CPU.Build.0 = Release|Any CPU
		{A36D93C4-321C-4FA6-AD66-5B8348A28780}.Debug|Any CPU.ActiveCfg = Debug|Any CPU
		{A36D93C4-321C-4FA6-AD66-5B8348A28780}.Debug|Any CPU.Build.0 = Debug|Any CPU
		{A36D93C4-321C-4FA6-AD66-5B8348A28780}.Release|Any CPU.ActiveCfg = Release|Any CPU
		{A36D93C4-321C-4FA6-AD66-5B8348A28780}.Release|Any CPU.Build.0 = Release|Any CPU
		{7D90E5D1-5F6B-4B3E-B7AA-9F6BB8531789}.Debug|Any CPU.ActiveCfg = Debug|Any CPU
		{7D90E5D1-5F6B-4B3E-B7AA-9F6BB8531789}.Debug|Any CPU.Build.0 = Debug|Any CPU
		{7D90E5D1-5F6B-4B3E-B7AA-9F6BB8531789}.Release|Any CPU.ActiveCfg = Release|Any CPU
		{7D90E5D1-5F6B-4B3E-B7AA-9F6BB8531789}.Release|Any CPU.Build.0 = Release|Any CPU
		{DEED83D8-9EFA-40A1-A7FB-930159C5A5DD}.Debug|Any CPU.ActiveCfg = Debug|Any CPU
		{DEED83D8-9EFA-40A1-A7FB-930159C5A5DD}.Debug|Any CPU.Build.0 = Debug|Any CPU
		{DEED83D8-9EFA-40A1-A7FB-930159C5A5DD}.Release|Any CPU.ActiveCfg = Release|Any CPU
		{DEED83D8-9EFA-40A1-A7FB-930159C5A5DD}.Release|Any CPU.Build.0 = Release|Any CPU
		{007BA573-42C4-4D96-AE3A-F325739C5AEF}.Debug|Any CPU.ActiveCfg = Debug|Any CPU
		{007BA573-42C4-4D96-AE3A-F325739C5AEF}.Debug|Any CPU.Build.0 = Debug|Any CPU
		{007BA573-42C4-4D96-AE3A-F325739C5AEF}.Release|Any CPU.ActiveCfg = Release|Any CPU
		{007BA573-42C4-4D96-AE3A-F325739C5AEF}.Release|Any CPU.Build.0 = Release|Any CPU
		{456BEA03-6D44-4F72-BF11-43AB8CD4D573}.Debug|Any CPU.ActiveCfg = Debug|Any CPU
		{456BEA03-6D44-4F72-BF11-43AB8CD4D573}.Debug|Any CPU.Build.0 = Debug|Any CPU
		{456BEA03-6D44-4F72-BF11-43AB8CD4D573}.Release|Any CPU.ActiveCfg = Release|Any CPU
		{456BEA03-6D44-4F72-BF11-43AB8CD4D573}.Release|Any CPU.Build.0 = Release|Any CPU
		{860C5C37-2889-4261-8A44-488703898B07}.Debug|Any CPU.ActiveCfg = Debug|Any CPU
		{860C5C37-2889-4261-8A44-488703898B07}.Debug|Any CPU.Build.0 = Debug|Any CPU
		{860C5C37-2889-4261-8A44-488703898B07}.Release|Any CPU.ActiveCfg = Release|Any CPU
		{860C5C37-2889-4261-8A44-488703898B07}.Release|Any CPU.Build.0 = Release|Any CPU
		{BCDA1F91-9D6D-4E7D-928F-1457295F9F4E}.Debug|Any CPU.ActiveCfg = Debug|Any CPU
		{BCDA1F91-9D6D-4E7D-928F-1457295F9F4E}.Debug|Any CPU.Build.0 = Debug|Any CPU
		{BCDA1F91-9D6D-4E7D-928F-1457295F9F4E}.Release|Any CPU.ActiveCfg = Release|Any CPU
		{BCDA1F91-9D6D-4E7D-928F-1457295F9F4E}.Release|Any CPU.Build.0 = Release|Any CPU
		{C532A131-3A65-448F-9D97-EC154554A35C}.Debug|Any CPU.ActiveCfg = Debug|Any CPU
		{C532A131-3A65-448F-9D97-EC154554A35C}.Debug|Any CPU.Build.0 = Debug|Any CPU
		{C532A131-3A65-448F-9D97-EC154554A35C}.Release|Any CPU.ActiveCfg = Release|Any CPU
		{C532A131-3A65-448F-9D97-EC154554A35C}.Release|Any CPU.Build.0 = Release|Any CPU
	EndGlobalSection
	GlobalSection(SolutionProperties) = preSolution
		HideSolutionNode = FALSE
	EndGlobalSection
	GlobalSection(ExtensibilityGlobals) = postSolution
		SolutionGuid = {0DBD07E4-5376-496B-988C-89E1DE8051F7}
	EndGlobalSection
EndGlobal
